
Microsoft Visual Studio Solution File, Format Version 12.00
# Visual Studio 15
VisualStudioVersion = 15.0.28307.572
MinimumVisualStudioVersion = 10.0.40219.1
Project("{FAE04EC0-301F-11D3-BF4B-00C04F79EFBC}") = "Project.MODEL", "Project.MODEL\Project.MODEL.csproj", "{386A0497-669A-4713-AD90-6D2344C7A7A6}"
EndProject
Project("{FAE04EC0-301F-11D3-BF4B-00C04F79EFBC}") = "Project.DAL", "Project.DAL\Project.DAL.csproj", "{CAD29932-E6CE-40B2-AB70-30A9512A1E34}"
EndProject
Project("{FAE04EC0-301F-11D3-BF4B-00C04F79EFBC}") = "Project.MAP", "Project.MAP\Project.MAP.csproj", "{CDD8275D-6DDB-43B8-9099-0BD8C1703EEC}"
EndProject
Project("{FAE04EC0-301F-11D3-BF4B-00C04F79EFBC}") = "Project.BLL", "Project.BLL\Project.BLL.csproj", "{81D5B3C3-AA6B-4AC1-97CF-AE5F58295C36}"
EndProject
Project("{FAE04EC0-301F-11D3-BF4B-00C04F79EFBC}") = "Project.MVCUI", "Project.MVCUI\Project.MVCUI.csproj", "{78AAEC4F-0F70-4A25-B6D6-8AE0D15B4EA9}"
EndProject
Project("{FAE04EC0-301F-11D3-BF4B-00C04F79EFBC}") = "Project.TOOLS", "Project.TOOLS\Project.TOOLS.csproj", "{2BE9D025-AA3D-4B6E-A90A-F077B4BED74A}"
EndProject
Project("{FAE04EC0-301F-11D3-BF4B-00C04F79EFBC}") = "Project.APIService", "Project.APIService\Project.APIService.csproj", "{CCC73E43-2271-47DD-87D4-7FE9A8EB0DBF}"
EndProject
Project("{FAE04EC0-301F-11D3-BF4B-00C04F79EFBC}") = "Project.VM", "Project.VM\Project.VM.csproj", "{B3E307AE-F3DE-4CE3-9D52-8EF77D711C94}"
EndProject
Project("{262852C6-CD72-467D-83FE-5EEB1973A190}") = "Project.CORDOVAUI", "Project.CORDOVAUI\Project.CORDOVAUI.jsproj", "{7FC10CE9-672B-493C-A394-A46C065A37E5}"
EndProject
Project("{FAE04EC0-301F-11D3-BF4B-00C04F79EFBC}") = "Project.ANGULARUI", "Project.ANGULARUI\Project.ANGULARUI.csproj", "{AFF2F986-77EC-4115-82E2-FA46E6B8F315}"
EndProject
Global
	GlobalSection(SolutionConfigurationPlatforms) = preSolution
		Debug|Android = Debug|Android
		Debug|Any CPU = Debug|Any CPU
		Debug|iOS = Debug|iOS
		Debug|Windows-ARM = Debug|Windows-ARM
		Debug|Windows-x64 = Debug|Windows-x64
		Debug|Windows-x86 = Debug|Windows-x86
		Release|Android = Release|Android
		Release|Any CPU = Release|Any CPU
		Release|iOS = Release|iOS
		Release|Windows-ARM = Release|Windows-ARM
		Release|Windows-x64 = Release|Windows-x64
		Release|Windows-x86 = Release|Windows-x86
	EndGlobalSection
	GlobalSection(ProjectConfigurationPlatforms) = postSolution
		{386A0497-669A-4713-AD90-6D2344C7A7A6}.Debug|Android.ActiveCfg = Debug|Any CPU
		{386A0497-669A-4713-AD90-6D2344C7A7A6}.Debug|Android.Build.0 = Debug|Any CPU
		{386A0497-669A-4713-AD90-6D2344C7A7A6}.Debug|Any CPU.ActiveCfg = Debug|Any CPU
		{386A0497-669A-4713-AD90-6D2344C7A7A6}.Debug|Any CPU.Build.0 = Debug|Any CPU
		{386A0497-669A-4713-AD90-6D2344C7A7A6}.Debug|iOS.ActiveCfg = Debug|Any CPU
		{386A0497-669A-4713-AD90-6D2344C7A7A6}.Debug|iOS.Build.0 = Debug|Any CPU
		{386A0497-669A-4713-AD90-6D2344C7A7A6}.Debug|Windows-ARM.ActiveCfg = Debug|Any CPU
		{386A0497-669A-4713-AD90-6D2344C7A7A6}.Debug|Windows-ARM.Build.0 = Debug|Any CPU
		{386A0497-669A-4713-AD90-6D2344C7A7A6}.Debug|Windows-x64.ActiveCfg = Debug|Any CPU
		{386A0497-669A-4713-AD90-6D2344C7A7A6}.Debug|Windows-x64.Build.0 = Debug|Any CPU
		{386A0497-669A-4713-AD90-6D2344C7A7A6}.Debug|Windows-x86.ActiveCfg = Debug|Any CPU
		{386A0497-669A-4713-AD90-6D2344C7A7A6}.Debug|Windows-x86.Build.0 = Debug|Any CPU
		{386A0497-669A-4713-AD90-6D2344C7A7A6}.Release|Android.ActiveCfg = Release|Any CPU
		{386A0497-669A-4713-AD90-6D2344C7A7A6}.Release|Android.Build.0 = Release|Any CPU
		{386A0497-669A-4713-AD90-6D2344C7A7A6}.Release|Any CPU.ActiveCfg = Release|Any CPU
		{386A0497-669A-4713-AD90-6D2344C7A7A6}.Release|Any CPU.Build.0 = Release|Any CPU
		{386A0497-669A-4713-AD90-6D2344C7A7A6}.Release|iOS.ActiveCfg = Release|Any CPU
		{386A0497-669A-4713-AD90-6D2344C7A7A6}.Release|iOS.Build.0 = Release|Any CPU
		{386A0497-669A-4713-AD90-6D2344C7A7A6}.Release|Windows-ARM.ActiveCfg = Release|Any CPU
		{386A0497-669A-4713-AD90-6D2344C7A7A6}.Release|Windows-ARM.Build.0 = Release|Any CPU
		{386A0497-669A-4713-AD90-6D2344C7A7A6}.Release|Windows-x64.ActiveCfg = Release|Any CPU
		{386A0497-669A-4713-AD90-6D2344C7A7A6}.Release|Windows-x64.Build.0 = Release|Any CPU
		{386A0497-669A-4713-AD90-6D2344C7A7A6}.Release|Windows-x86.ActiveCfg = Release|Any CPU
		{386A0497-669A-4713-AD90-6D2344C7A7A6}.Release|Windows-x86.Build.0 = Release|Any CPU
		{CAD29932-E6CE-40B2-AB70-30A9512A1E34}.Debug|Android.ActiveCfg = Debug|Any CPU
		{CAD29932-E6CE-40B2-AB70-30A9512A1E34}.Debug|Android.Build.0 = Debug|Any CPU
		{CAD29932-E6CE-40B2-AB70-30A9512A1E34}.Debug|Any CPU.ActiveCfg = Debug|Any CPU
		{CAD29932-E6CE-40B2-AB70-30A9512A1E34}.Debug|Any CPU.Build.0 = Debug|Any CPU
		{CAD29932-E6CE-40B2-AB70-30A9512A1E34}.Debug|iOS.ActiveCfg = Debug|Any CPU
		{CAD29932-E6CE-40B2-AB70-30A9512A1E34}.Debug|iOS.Build.0 = Debug|Any CPU
		{CAD29932-E6CE-40B2-AB70-30A9512A1E34}.Debug|Windows-ARM.ActiveCfg = Debug|Any CPU
		{CAD29932-E6CE-40B2-AB70-30A9512A1E34}.Debug|Windows-ARM.Build.0 = Debug|Any CPU
		{CAD29932-E6CE-40B2-AB70-30A9512A1E34}.Debug|Windows-x64.ActiveCfg = Debug|Any CPU
		{CAD29932-E6CE-40B2-AB70-30A9512A1E34}.Debug|Windows-x64.Build.0 = Debug|Any CPU
		{CAD29932-E6CE-40B2-AB70-30A9512A1E34}.Debug|Windows-x86.ActiveCfg = Debug|Any CPU
		{CAD29932-E6CE-40B2-AB70-30A9512A1E34}.Debug|Windows-x86.Build.0 = Debug|Any CPU
		{CAD29932-E6CE-40B2-AB70-30A9512A1E34}.Release|Android.ActiveCfg = Release|Any CPU
		{CAD29932-E6CE-40B2-AB70-30A9512A1E34}.Release|Android.Build.0 = Release|Any CPU
		{CAD29932-E6CE-40B2-AB70-30A9512A1E34}.Release|Any CPU.ActiveCfg = Release|Any CPU
		{CAD29932-E6CE-40B2-AB70-30A9512A1E34}.Release|Any CPU.Build.0 = Release|Any CPU
		{CAD29932-E6CE-40B2-AB70-30A9512A1E34}.Release|iOS.ActiveCfg = Release|Any CPU
		{CAD29932-E6CE-40B2-AB70-30A9512A1E34}.Release|iOS.Build.0 = Release|Any CPU
		{CAD29932-E6CE-40B2-AB70-30A9512A1E34}.Release|Windows-ARM.ActiveCfg = Release|Any CPU
		{CAD29932-E6CE-40B2-AB70-30A9512A1E34}.Release|Windows-ARM.Build.0 = Release|Any CPU
		{CAD29932-E6CE-40B2-AB70-30A9512A1E34}.Release|Windows-x64.ActiveCfg = Release|Any CPU
		{CAD29932-E6CE-40B2-AB70-30A9512A1E34}.Release|Windows-x64.Build.0 = Release|Any CPU
		{CAD29932-E6CE-40B2-AB70-30A9512A1E34}.Release|Windows-x86.ActiveCfg = Release|Any CPU
		{CAD29932-E6CE-40B2-AB70-30A9512A1E34}.Release|Windows-x86.Build.0 = Release|Any CPU
		{CDD8275D-6DDB-43B8-9099-0BD8C1703EEC}.Debug|Android.ActiveCfg = Debug|Any CPU
		{CDD8275D-6DDB-43B8-9099-0BD8C1703EEC}.Debug|Android.Build.0 = Debug|Any CPU
		{CDD8275D-6DDB-43B8-9099-0BD8C1703EEC}.Debug|Any CPU.ActiveCfg = Debug|Any CPU
		{CDD8275D-6DDB-43B8-9099-0BD8C1703EEC}.Debug|Any CPU.Build.0 = Debug|Any CPU
		{CDD8275D-6DDB-43B8-9099-0BD8C1703EEC}.Debug|iOS.ActiveCfg = Debug|Any CPU
		{CDD8275D-6DDB-43B8-9099-0BD8C1703EEC}.Debug|iOS.Build.0 = Debug|Any CPU
		{CDD8275D-6DDB-43B8-9099-0BD8C1703EEC}.Debug|Windows-ARM.ActiveCfg = Debug|Any CPU
		{CDD8275D-6DDB-43B8-9099-0BD8C1703EEC}.Debug|Windows-ARM.Build.0 = Debug|Any CPU
		{CDD8275D-6DDB-43B8-9099-0BD8C1703EEC}.Debug|Windows-x64.ActiveCfg = Debug|Any CPU
		{CDD8275D-6DDB-43B8-9099-0BD8C1703EEC}.Debug|Windows-x64.Build.0 = Debug|Any CPU
		{CDD8275D-6DDB-43B8-9099-0BD8C1703EEC}.Debug|Windows-x86.ActiveCfg = Debug|Any CPU
		{CDD8275D-6DDB-43B8-9099-0BD8C1703EEC}.Debug|Windows-x86.Build.0 = Debug|Any CPU
		{CDD8275D-6DDB-43B8-9099-0BD8C1703EEC}.Release|Android.ActiveCfg = Release|Any CPU
		{CDD8275D-6DDB-43B8-9099-0BD8C1703EEC}.Release|Android.Build.0 = Release|Any CPU
		{CDD8275D-6DDB-43B8-9099-0BD8C1703EEC}.Release|Any CPU.ActiveCfg = Release|Any CPU
		{CDD8275D-6DDB-43B8-9099-0BD8C1703EEC}.Release|Any CPU.Build.0 = Release|Any CPU
		{CDD8275D-6DDB-43B8-9099-0BD8C1703EEC}.Release|iOS.ActiveCfg = Release|Any CPU
		{CDD8275D-6DDB-43B8-9099-0BD8C1703EEC}.Release|iOS.Build.0 = Release|Any CPU
		{CDD8275D-6DDB-43B8-9099-0BD8C1703EEC}.Release|Windows-ARM.ActiveCfg = Release|Any CPU
		{CDD8275D-6DDB-43B8-9099-0BD8C1703EEC}.Release|Windows-ARM.Build.0 = Release|Any CPU
		{CDD8275D-6DDB-43B8-9099-0BD8C1703EEC}.Release|Windows-x64.ActiveCfg = Release|Any CPU
		{CDD8275D-6DDB-43B8-9099-0BD8C1703EEC}.Release|Windows-x64.Build.0 = Release|Any CPU
		{CDD8275D-6DDB-43B8-9099-0BD8C1703EEC}.Release|Windows-x86.ActiveCfg = Release|Any CPU
		{CDD8275D-6DDB-43B8-9099-0BD8C1703EEC}.Release|Windows-x86.Build.0 = Release|Any CPU
		{81D5B3C3-AA6B-4AC1-97CF-AE5F58295C36}.Debug|Android.ActiveCfg = Debug|Any CPU
		{81D5B3C3-AA6B-4AC1-97CF-AE5F58295C36}.Debug|Android.Build.0 = Debug|Any CPU
		{81D5B3C3-AA6B-4AC1-97CF-AE5F58295C36}.Debug|Any CPU.ActiveCfg = Debug|Any CPU
		{81D5B3C3-AA6B-4AC1-97CF-AE5F58295C36}.Debug|Any CPU.Build.0 = Debug|Any CPU
		{81D5B3C3-AA6B-4AC1-97CF-AE5F58295C36}.Debug|iOS.ActiveCfg = Debug|Any CPU
		{81D5B3C3-AA6B-4AC1-97CF-AE5F58295C36}.Debug|iOS.Build.0 = Debug|Any CPU
		{81D5B3C3-AA6B-4AC1-97CF-AE5F58295C36}.Debug|Windows-ARM.ActiveCfg = Debug|Any CPU
		{81D5B3C3-AA6B-4AC1-97CF-AE5F58295C36}.Debug|Windows-ARM.Build.0 = Debug|Any CPU
		{81D5B3C3-AA6B-4AC1-97CF-AE5F58295C36}.Debug|Windows-x64.ActiveCfg = Debug|Any CPU
		{81D5B3C3-AA6B-4AC1-97CF-AE5F58295C36}.Debug|Windows-x64.Build.0 = Debug|Any CPU
		{81D5B3C3-AA6B-4AC1-97CF-AE5F58295C36}.Debug|Windows-x86.ActiveCfg = Debug|Any CPU
		{81D5B3C3-AA6B-4AC1-97CF-AE5F58295C36}.Debug|Windows-x86.Build.0 = Debug|Any CPU
		{81D5B3C3-AA6B-4AC1-97CF-AE5F58295C36}.Release|Android.ActiveCfg = Release|Any CPU
		{81D5B3C3-AA6B-4AC1-97CF-AE5F58295C36}.Release|Android.Build.0 = Release|Any CPU
		{81D5B3C3-AA6B-4AC1-97CF-AE5F58295C36}.Release|Any CPU.ActiveCfg = Release|Any CPU
		{81D5B3C3-AA6B-4AC1-97CF-AE5F58295C36}.Release|Any CPU.Build.0 = Release|Any CPU
		{81D5B3C3-AA6B-4AC1-97CF-AE5F58295C36}.Release|iOS.ActiveCfg = Release|Any CPU
		{81D5B3C3-AA6B-4AC1-97CF-AE5F58295C36}.Release|iOS.Build.0 = Release|Any CPU
		{81D5B3C3-AA6B-4AC1-97CF-AE5F58295C36}.Release|Windows-ARM.ActiveCfg = Release|Any CPU
		{81D5B3C3-AA6B-4AC1-97CF-AE5F58295C36}.Release|Windows-ARM.Build.0 = Release|Any CPU
		{81D5B3C3-AA6B-4AC1-97CF-AE5F58295C36}.Release|Windows-x64.ActiveCfg = Release|Any CPU
		{81D5B3C3-AA6B-4AC1-97CF-AE5F58295C36}.Release|Windows-x64.Build.0 = Release|Any CPU
		{81D5B3C3-AA6B-4AC1-97CF-AE5F58295C36}.Release|Windows-x86.ActiveCfg = Release|Any CPU
		{81D5B3C3-AA6B-4AC1-97CF-AE5F58295C36}.Release|Windows-x86.Build.0 = Release|Any CPU
		{78AAEC4F-0F70-4A25-B6D6-8AE0D15B4EA9}.Debug|Android.ActiveCfg = Debug|Any CPU
		{78AAEC4F-0F70-4A25-B6D6-8AE0D15B4EA9}.Debug|Android.Build.0 = Debug|Any CPU
		{78AAEC4F-0F70-4A25-B6D6-8AE0D15B4EA9}.Debug|Any CPU.ActiveCfg = Debug|Any CPU
		{78AAEC4F-0F70-4A25-B6D6-8AE0D15B4EA9}.Debug|Any CPU.Build.0 = Debug|Any CPU
		{78AAEC4F-0F70-4A25-B6D6-8AE0D15B4EA9}.Debug|iOS.ActiveCfg = Debug|Any CPU
		{78AAEC4F-0F70-4A25-B6D6-8AE0D15B4EA9}.Debug|iOS.Build.0 = Debug|Any CPU
		{78AAEC4F-0F70-4A25-B6D6-8AE0D15B4EA9}.Debug|Windows-ARM.ActiveCfg = Debug|Any CPU
		{78AAEC4F-0F70-4A25-B6D6-8AE0D15B4EA9}.Debug|Windows-ARM.Build.0 = Debug|Any CPU
		{78AAEC4F-0F70-4A25-B6D6-8AE0D15B4EA9}.Debug|Windows-x64.ActiveCfg = Debug|Any CPU
		{78AAEC4F-0F70-4A25-B6D6-8AE0D15B4EA9}.Debug|Windows-x64.Build.0 = Debug|Any CPU
		{78AAEC4F-0F70-4A25-B6D6-8AE0D15B4EA9}.Debug|Windows-x86.ActiveCfg = Debug|Any CPU
		{78AAEC4F-0F70-4A25-B6D6-8AE0D15B4EA9}.Debug|Windows-x86.Build.0 = Debug|Any CPU
		{78AAEC4F-0F70-4A25-B6D6-8AE0D15B4EA9}.Release|Android.ActiveCfg = Release|Any CPU
		{78AAEC4F-0F70-4A25-B6D6-8AE0D15B4EA9}.Release|Android.Build.0 = Release|Any CPU
		{78AAEC4F-0F70-4A25-B6D6-8AE0D15B4EA9}.Release|Any CPU.ActiveCfg = Release|Any CPU
		{78AAEC4F-0F70-4A25-B6D6-8AE0D15B4EA9}.Release|Any CPU.Build.0 = Release|Any CPU
		{78AAEC4F-0F70-4A25-B6D6-8AE0D15B4EA9}.Release|iOS.ActiveCfg = Release|Any CPU
		{78AAEC4F-0F70-4A25-B6D6-8AE0D15B4EA9}.Release|iOS.Build.0 = Release|Any CPU
		{78AAEC4F-0F70-4A25-B6D6-8AE0D15B4EA9}.Release|Windows-ARM.ActiveCfg = Release|Any CPU
		{78AAEC4F-0F70-4A25-B6D6-8AE0D15B4EA9}.Release|Windows-ARM.Build.0 = Release|Any CPU
		{78AAEC4F-0F70-4A25-B6D6-8AE0D15B4EA9}.Release|Windows-x64.ActiveCfg = Release|Any CPU
		{78AAEC4F-0F70-4A25-B6D6-8AE0D15B4EA9}.Release|Windows-x64.Build.0 = Release|Any CPU
		{78AAEC4F-0F70-4A25-B6D6-8AE0D15B4EA9}.Release|Windows-x86.ActiveCfg = Release|Any CPU
		{78AAEC4F-0F70-4A25-B6D6-8AE0D15B4EA9}.Release|Windows-x86.Build.0 = Release|Any CPU
		{2BE9D025-AA3D-4B6E-A90A-F077B4BED74A}.Debug|Android.ActiveCfg = Debug|Any CPU
		{2BE9D025-AA3D-4B6E-A90A-F077B4BED74A}.Debug|Android.Build.0 = Debug|Any CPU
		{2BE9D025-AA3D-4B6E-A90A-F077B4BED74A}.Debug|Any CPU.ActiveCfg = Debug|Any CPU
		{2BE9D025-AA3D-4B6E-A90A-F077B4BED74A}.Debug|Any CPU.Build.0 = Debug|Any CPU
		{2BE9D025-AA3D-4B6E-A90A-F077B4BED74A}.Debug|iOS.ActiveCfg = Debug|Any CPU
		{2BE9D025-AA3D-4B6E-A90A-F077B4BED74A}.Debug|iOS.Build.0 = Debug|Any CPU
		{2BE9D025-AA3D-4B6E-A90A-F077B4BED74A}.Debug|Windows-ARM.ActiveCfg = Debug|Any CPU
		{2BE9D025-AA3D-4B6E-A90A-F077B4BED74A}.Debug|Windows-ARM.Build.0 = Debug|Any CPU
		{2BE9D025-AA3D-4B6E-A90A-F077B4BED74A}.Debug|Windows-x64.ActiveCfg = Debug|Any CPU
		{2BE9D025-AA3D-4B6E-A90A-F077B4BED74A}.Debug|Windows-x64.Build.0 = Debug|Any CPU
		{2BE9D025-AA3D-4B6E-A90A-F077B4BED74A}.Debug|Windows-x86.ActiveCfg = Debug|Any CPU
		{2BE9D025-AA3D-4B6E-A90A-F077B4BED74A}.Debug|Windows-x86.Build.0 = Debug|Any CPU
		{2BE9D025-AA3D-4B6E-A90A-F077B4BED74A}.Release|Android.ActiveCfg = Release|Any CPU
		{2BE9D025-AA3D-4B6E-A90A-F077B4BED74A}.Release|Android.Build.0 = Release|Any CPU
		{2BE9D025-AA3D-4B6E-A90A-F077B4BED74A}.Release|Any CPU.ActiveCfg = Release|Any CPU
		{2BE9D025-AA3D-4B6E-A90A-F077B4BED74A}.Release|Any CPU.Build.0 = Release|Any CPU
		{2BE9D025-AA3D-4B6E-A90A-F077B4BED74A}.Release|iOS.ActiveCfg = Release|Any CPU
		{2BE9D025-AA3D-4B6E-A90A-F077B4BED74A}.Release|iOS.Build.0 = Release|Any CPU
		{2BE9D025-AA3D-4B6E-A90A-F077B4BED74A}.Release|Windows-ARM.ActiveCfg = Release|Any CPU
		{2BE9D025-AA3D-4B6E-A90A-F077B4BED74A}.Release|Windows-ARM.Build.0 = Release|Any CPU
		{2BE9D025-AA3D-4B6E-A90A-F077B4BED74A}.Release|Windows-x64.ActiveCfg = Release|Any CPU
		{2BE9D025-AA3D-4B6E-A90A-F077B4BED74A}.Release|Windows-x64.Build.0 = Release|Any CPU
		{2BE9D025-AA3D-4B6E-A90A-F077B4BED74A}.Release|Windows-x86.ActiveCfg = Release|Any CPU
		{2BE9D025-AA3D-4B6E-A90A-F077B4BED74A}.Release|Windows-x86.Build.0 = Release|Any CPU
		{CCC73E43-2271-47DD-87D4-7FE9A8EB0DBF}.Debug|Android.ActiveCfg = Debug|Any CPU
		{CCC73E43-2271-47DD-87D4-7FE9A8EB0DBF}.Debug|Android.Build.0 = Debug|Any CPU
		{CCC73E43-2271-47DD-87D4-7FE9A8EB0DBF}.Debug|Any CPU.ActiveCfg = Debug|Any CPU
		{CCC73E43-2271-47DD-87D4-7FE9A8EB0DBF}.Debug|Any CPU.Build.0 = Debug|Any CPU
		{CCC73E43-2271-47DD-87D4-7FE9A8EB0DBF}.Debug|iOS.ActiveCfg = Debug|Any CPU
		{CCC73E43-2271-47DD-87D4-7FE9A8EB0DBF}.Debug|iOS.Build.0 = Debug|Any CPU
		{CCC73E43-2271-47DD-87D4-7FE9A8EB0DBF}.Debug|Windows-ARM.ActiveCfg = Debug|Any CPU
		{CCC73E43-2271-47DD-87D4-7FE9A8EB0DBF}.Debug|Windows-ARM.Build.0 = Debug|Any CPU
		{CCC73E43-2271-47DD-87D4-7FE9A8EB0DBF}.Debug|Windows-x64.ActiveCfg = Debug|Any CPU
		{CCC73E43-2271-47DD-87D4-7FE9A8EB0DBF}.Debug|Windows-x64.Build.0 = Debug|Any CPU
		{CCC73E43-2271-47DD-87D4-7FE9A8EB0DBF}.Debug|Windows-x86.ActiveCfg = Debug|Any CPU
		{CCC73E43-2271-47DD-87D4-7FE9A8EB0DBF}.Debug|Windows-x86.Build.0 = Debug|Any CPU
		{CCC73E43-2271-47DD-87D4-7FE9A8EB0DBF}.Release|Android.ActiveCfg = Release|Any CPU
		{CCC73E43-2271-47DD-87D4-7FE9A8EB0DBF}.Release|Android.Build.0 = Release|Any CPU
		{CCC73E43-2271-47DD-87D4-7FE9A8EB0DBF}.Release|Any CPU.ActiveCfg = Release|Any CPU
		{CCC73E43-2271-47DD-87D4-7FE9A8EB0DBF}.Release|Any CPU.Build.0 = Release|Any CPU
		{CCC73E43-2271-47DD-87D4-7FE9A8EB0DBF}.Release|iOS.ActiveCfg = Release|Any CPU
		{CCC73E43-2271-47DD-87D4-7FE9A8EB0DBF}.Release|iOS.Build.0 = Release|Any CPU
		{CCC73E43-2271-47DD-87D4-7FE9A8EB0DBF}.Release|Windows-ARM.ActiveCfg = Release|Any CPU
		{CCC73E43-2271-47DD-87D4-7FE9A8EB0DBF}.Release|Windows-ARM.Build.0 = Release|Any CPU
		{CCC73E43-2271-47DD-87D4-7FE9A8EB0DBF}.Release|Windows-x64.ActiveCfg = Release|Any CPU
		{CCC73E43-2271-47DD-87D4-7FE9A8EB0DBF}.Release|Windows-x64.Build.0 = Release|Any CPU
		{CCC73E43-2271-47DD-87D4-7FE9A8EB0DBF}.Release|Windows-x86.ActiveCfg = Release|Any CPU
		{CCC73E43-2271-47DD-87D4-7FE9A8EB0DBF}.Release|Windows-x86.Build.0 = Release|Any CPU
		{B3E307AE-F3DE-4CE3-9D52-8EF77D711C94}.Debug|Android.ActiveCfg = Debug|Any CPU
		{B3E307AE-F3DE-4CE3-9D52-8EF77D711C94}.Debug|Android.Build.0 = Debug|Any CPU
		{B3E307AE-F3DE-4CE3-9D52-8EF77D711C94}.Debug|Any CPU.ActiveCfg = Debug|Any CPU
		{B3E307AE-F3DE-4CE3-9D52-8EF77D711C94}.Debug|Any CPU.Build.0 = Debug|Any CPU
		{B3E307AE-F3DE-4CE3-9D52-8EF77D711C94}.Debug|iOS.ActiveCfg = Debug|Any CPU
		{B3E307AE-F3DE-4CE3-9D52-8EF77D711C94}.Debug|iOS.Build.0 = Debug|Any CPU
		{B3E307AE-F3DE-4CE3-9D52-8EF77D711C94}.Debug|Windows-ARM.ActiveCfg = Debug|Any CPU
		{B3E307AE-F3DE-4CE3-9D52-8EF77D711C94}.Debug|Windows-ARM.Build.0 = Debug|Any CPU
		{B3E307AE-F3DE-4CE3-9D52-8EF77D711C94}.Debug|Windows-x64.ActiveCfg = Debug|Any CPU
		{B3E307AE-F3DE-4CE3-9D52-8EF77D711C94}.Debug|Windows-x64.Build.0 = Debug|Any CPU
		{B3E307AE-F3DE-4CE3-9D52-8EF77D711C94}.Debug|Windows-x86.ActiveCfg = Debug|Any CPU
		{B3E307AE-F3DE-4CE3-9D52-8EF77D711C94}.Debug|Windows-x86.Build.0 = Debug|Any CPU
		{B3E307AE-F3DE-4CE3-9D52-8EF77D711C94}.Release|Android.ActiveCfg = Release|Any CPU
		{B3E307AE-F3DE-4CE3-9D52-8EF77D711C94}.Release|Android.Build.0 = Release|Any CPU
		{B3E307AE-F3DE-4CE3-9D52-8EF77D711C94}.Release|Any CPU.ActiveCfg = Release|Any CPU
		{B3E307AE-F3DE-4CE3-9D52-8EF77D711C94}.Release|Any CPU.Build.0 = Release|Any CPU
		{B3E307AE-F3DE-4CE3-9D52-8EF77D711C94}.Release|iOS.ActiveCfg = Release|Any CPU
		{B3E307AE-F3DE-4CE3-9D52-8EF77D711C94}.Release|iOS.Build.0 = Release|Any CPU
		{B3E307AE-F3DE-4CE3-9D52-8EF77D711C94}.Release|Windows-ARM.ActiveCfg = Release|Any CPU
		{B3E307AE-F3DE-4CE3-9D52-8EF77D711C94}.Release|Windows-ARM.Build.0 = Release|Any CPU
		{B3E307AE-F3DE-4CE3-9D52-8EF77D711C94}.Release|Windows-x64.ActiveCfg = Release|Any CPU
		{B3E307AE-F3DE-4CE3-9D52-8EF77D711C94}.Release|Windows-x64.Build.0 = Release|Any CPU
		{B3E307AE-F3DE-4CE3-9D52-8EF77D711C94}.Release|Windows-x86.ActiveCfg = Release|Any CPU
		{B3E307AE-F3DE-4CE3-9D52-8EF77D711C94}.Release|Windows-x86.Build.0 = Release|Any CPU
		{7FC10CE9-672B-493C-A394-A46C065A37E5}.Debug|Android.ActiveCfg = Debug|Android
		{7FC10CE9-672B-493C-A394-A46C065A37E5}.Debug|Android.Build.0 = Debug|Android
		{7FC10CE9-672B-493C-A394-A46C065A37E5}.Debug|Android.Deploy.0 = Debug|Android
		{7FC10CE9-672B-493C-A394-A46C065A37E5}.Debug|Any CPU.ActiveCfg = Debug|Android
		{7FC10CE9-672B-493C-A394-A46C065A37E5}.Debug|iOS.ActiveCfg = Debug|iOS
		{7FC10CE9-672B-493C-A394-A46C065A37E5}.Debug|iOS.Build.0 = Debug|iOS
		{7FC10CE9-672B-493C-A394-A46C065A37E5}.Debug|iOS.Deploy.0 = Debug|iOS
		{7FC10CE9-672B-493C-A394-A46C065A37E5}.Debug|Windows-ARM.ActiveCfg = Debug|Windows-ARM
		{7FC10CE9-672B-493C-A394-A46C065A37E5}.Debug|Windows-ARM.Build.0 = Debug|Windows-ARM
		{7FC10CE9-672B-493C-A394-A46C065A37E5}.Debug|Windows-ARM.Deploy.0 = Debug|Windows-ARM
		{7FC10CE9-672B-493C-A394-A46C065A37E5}.Debug|Windows-x64.ActiveCfg = Debug|Windows-x64
		{7FC10CE9-672B-493C-A394-A46C065A37E5}.Debug|Windows-x64.Build.0 = Debug|Windows-x64
		{7FC10CE9-672B-493C-A394-A46C065A37E5}.Debug|Windows-x64.Deploy.0 = Debug|Windows-x64
		{7FC10CE9-672B-493C-A394-A46C065A37E5}.Debug|Windows-x86.ActiveCfg = Debug|Windows-x86
		{7FC10CE9-672B-493C-A394-A46C065A37E5}.Debug|Windows-x86.Build.0 = Debug|Windows-x86
		{7FC10CE9-672B-493C-A394-A46C065A37E5}.Debug|Windows-x86.Deploy.0 = Debug|Windows-x86
		{7FC10CE9-672B-493C-A394-A46C065A37E5}.Release|Android.ActiveCfg = Release|Android
		{7FC10CE9-672B-493C-A394-A46C065A37E5}.Release|Android.Build.0 = Release|Android
		{7FC10CE9-672B-493C-A394-A46C065A37E5}.Release|Android.Deploy.0 = Release|Android
		{7FC10CE9-672B-493C-A394-A46C065A37E5}.Release|Any CPU.ActiveCfg = Release|Android
		{7FC10CE9-672B-493C-A394-A46C065A37E5}.Release|iOS.ActiveCfg = Release|iOS
		{7FC10CE9-672B-493C-A394-A46C065A37E5}.Release|iOS.Build.0 = Release|iOS
		{7FC10CE9-672B-493C-A394-A46C065A37E5}.Release|iOS.Deploy.0 = Release|iOS
		{7FC10CE9-672B-493C-A394-A46C065A37E5}.Release|Windows-ARM.ActiveCfg = Release|Windows-ARM
		{7FC10CE9-672B-493C-A394-A46C065A37E5}.Release|Windows-ARM.Build.0 = Release|Windows-ARM
		{7FC10CE9-672B-493C-A394-A46C065A37E5}.Release|Windows-ARM.Deploy.0 = Release|Windows-ARM
		{7FC10CE9-672B-493C-A394-A46C065A37E5}.Release|Windows-x64.ActiveCfg = Release|Windows-x64
		{7FC10CE9-672B-493C-A394-A46C065A37E5}.Release|Windows-x64.Build.0 = Release|Windows-x64
		{7FC10CE9-672B-493C-A394-A46C065A37E5}.Release|Windows-x64.Deploy.0 = Release|Windows-x64
		{7FC10CE9-672B-493C-A394-A46C065A37E5}.Release|Windows-x86.ActiveCfg = Release|Windows-x86
		{7FC10CE9-672B-493C-A394-A46C065A37E5}.Release|Windows-x86.Build.0 = Release|Windows-x86
		{7FC10CE9-672B-493C-A394-A46C065A37E5}.Release|Windows-x86.Deploy.0 = Release|Windows-x86
		{AFF2F986-77EC-4115-82E2-FA46E6B8F315}.Debug|Android.ActiveCfg = Debug|Any CPU
		{AFF2F986-77EC-4115-82E2-FA46E6B8F315}.Debug|Android.Build.0 = Debug|Any CPU
		{AFF2F986-77EC-4115-82E2-FA46E6B8F315}.Debug|Any CPU.ActiveCfg = Debug|Any CPU
		{AFF2F986-77EC-4115-82E2-FA46E6B8F315}.Debug|Any CPU.Build.0 = Debug|Any CPU
		{AFF2F986-77EC-4115-82E2-FA46E6B8F315}.Debug|iOS.ActiveCfg = Debug|Any CPU
		{AFF2F986-77EC-4115-82E2-FA46E6B8F315}.Debug|iOS.Build.0 = Debug|Any CPU
		{AFF2F986-77EC-4115-82E2-FA46E6B8F315}.Debug|Windows-ARM.ActiveCfg = Debug|Any CPU
		{AFF2F986-77EC-4115-82E2-FA46E6B8F315}.Debug|Windows-ARM.Build.0 = Debug|Any CPU
		{AFF2F986-77EC-4115-82E2-FA46E6B8F315}.Debug|Windows-x64.ActiveCfg = Debug|Any CPU
		{AFF2F986-77EC-4115-82E2-FA46E6B8F315}.Debug|Windows-x64.Build.0 = Debug|Any CPU
		{AFF2F986-77EC-4115-82E2-FA46E6B8F315}.Debug|Windows-x86.ActiveCfg = Debug|Any CPU
		{AFF2F986-77EC-4115-82E2-FA46E6B8F315}.Debug|Windows-x86.Build.0 = Debug|Any CPU
		{AFF2F986-77EC-4115-82E2-FA46E6B8F315}.Release|Android.ActiveCfg = Release|Any CPU
		{AFF2F986-77EC-4115-82E2-FA46E6B8F315}.Release|Android.Build.0 = Release|Any CPU
		{AFF2F986-77EC-4115-82E2-FA46E6B8F315}.Release|Any CPU.ActiveCfg = Release|Any CPU
		{AFF2F986-77EC-4115-82E2-FA46E6B8F315}.Release|Any CPU.Build.0 = Release|Any CPU
		{AFF2F986-77EC-4115-82E2-FA46E6B8F315}.Release|iOS.ActiveCfg = Release|Any CPU
		{AFF2F986-77EC-4115-82E2-FA46E6B8F315}.Release|iOS.Build.0 = Release|Any CPU
		{AFF2F986-77EC-4115-82E2-FA46E6B8F315}.Release|Windows-ARM.ActiveCfg = Release|Any CPU
		{AFF2F986-77EC-4115-82E2-FA46E6B8F315}.Release|Windows-ARM.Build.0 = Release|Any CPU
		{AFF2F986-77EC-4115-82E2-FA46E6B8F315}.Release|Windows-x64.ActiveCfg = Release|Any CPU
		{AFF2F986-77EC-4115-82E2-FA46E6B8F315}.Release|Windows-x64.Build.0 = Release|Any CPU
		{AFF2F986-77EC-4115-82E2-FA46E6B8F315}.Release|Windows-x86.ActiveCfg = Release|Any CPU
		{AFF2F986-77EC-4115-82E2-FA46E6B8F315}.Release|Windows-x86.Build.0 = Release|Any CPU
	EndGlobalSection
	GlobalSection(SolutionProperties) = preSolution
		HideSolutionNode = FALSE
	EndGlobalSection
	GlobalSection(ExtensibilityGlobals) = postSolution
		SolutionGuid = {D102E280-4CFF-4237-ADEC-579387F4988A}
	EndGlobalSection
EndGlobal
